
Microsoft Visual Studio Solution File, Format Version 12.00
# Visual Studio Version 17
VisualStudioVersion = 17.14.36429.23 d17.14
MinimumVisualStudioVersion = 10.0.40219.1
Project("{8BC9CEB8-8B4A-11D0-8D11-00A0C91BC942}") = "lab03", "lab03.vcxproj", "{B330680B-7417-4C7B-90DE-4AE3AA2A9D06}"
EndProject
Project("{8BC9CEB8-8B4A-11D0-8D11-00A0C91BC942}") = "lab032", "..\lab032\lab032.vcxproj", "{297A76A2-0080-4369-A339-AE283D43BE37}"
EndProject
Project("{8BC9CEB8-8B4A-11D0-8D11-00A0C91BC942}") = "lab033", "..\lab033\lab033.vcxproj", "{225CC80C-5EBE-46B8-A46B-84011EAFE049}"
EndProject
Project("{8BC9CEB8-8B4A-11D0-8D11-00A0C91BC942}") = "lab034", "..\lab034\lab034.vcxproj", "{55977C32-18A6-4CA8-A4E0-E5CCC703B02E}"
EndProject
Global
	GlobalSection(SolutionConfigurationPlatforms) = preSolution
		Debug|x64 = Debug|x64
		Debug|x86 = Debug|x86
		Release|x64 = Release|x64
		Release|x86 = Release|x86
	EndGlobalSection
	GlobalSection(ProjectConfigurationPlatforms) = postSolution
		{B330680B-7417-4C7B-90DE-4AE3AA2A9D06}.Debug|x64.ActiveCfg = Debug|x64
		{B330680B-7417-4C7B-90DE-4AE3AA2A9D06}.Debug|x64.Build.0 = Debug|x64
		{B330680B-7417-4C7B-90DE-4AE3AA2A9D06}.Debug|x86.ActiveCfg = Debug|Win32
		{B330680B-7417-4C7B-90DE-4AE3AA2A9D06}.Debug|x86.Build.0 = Debug|Win32
		{B330680B-7417-4C7B-90DE-4AE3AA2A9D06}.Release|x64.ActiveCfg = Release|x64
		{B330680B-7417-4C7B-90DE-4AE3AA2A9D06}.Release|x64.Build.0 = Release|x64
		{B330680B-7417-4C7B-90DE-4AE3AA2A9D06}.Release|x86.ActiveCfg = Release|Win32
		{B330680B-7417-4C7B-90DE-4AE3AA2A9D06}.Release|x86.Build.0 = Release|Win32
		{297A76A2-0080-4369-A339-AE283D43BE37}.Debug|x64.ActiveCfg = Debug|x64
		{297A76A2-0080-4369-A339-AE283D43BE37}.Debug|x64.Build.0 = Debug|x64
		{297A76A2-0080-4369-A339-AE283D43BE37}.Debug|x86.ActiveCfg = Debug|Win32
		{297A76A2-0080-4369-A339-AE283D43BE37}.Debug|x86.Build.0 = Debug|Win32
		{297A76A2-0080-4369-A339-AE283D43BE37}.Release|x64.ActiveCfg = Release|x64
		{297A76A2-0080-4369-A339-AE283D43BE37}.Release|x64.Build.0 = Release|x64
		{297A76A2-0080-4369-A339-AE283D43BE37}.Release|x86.ActiveCfg = Release|Win32
		{297A76A2-0080-4369-A339-AE283D43BE37}.Release|x86.Build.0 = Release|Win32
		{225CC80C-5EBE-46B8-A46B-84011EAFE049}.Debug|x64.ActiveCfg = Debug|x64
		{225CC80C-5EBE-46B8-A46B-84011EAFE049}.Debug|x64.Build.0 = Debug|x64
		{225CC80C-5EBE-46B8-A46B-84011EAFE049}.Debug|x86.ActiveCfg = Debug|Win32
		{225CC80C-5EBE-46B8-A46B-84011EAFE049}.Debug|x86.Build.0 = Debug|Win32
		{225CC80C-5EBE-46B8-A46B-84011EAFE049}.Release|x64.ActiveCfg = Release|x64
		{225CC80C-5EBE-46B8-A46B-84011EAFE049}.Release|x64.Build.0 = Release|x64
		{225CC80C-5EBE-46B8-A46B-84011EAFE049}.Release|x86.ActiveCfg = Release|Win32
		{225CC80C-5EBE-46B8-A46B-84011EAFE049}.Release|x86.Build.0 = Release|Win32
		{55977C32-18A6-4CA8-A4E0-E5CCC703B02E}.Debug|x64.ActiveCfg = Debug|x64
		{55977C32-18A6-4CA8-A4E0-E5CCC703B02E}.Debug|x64.Build.0 = Debug|x64
		{55977C32-18A6-4CA8-A4E0-E5CCC703B02E}.Debug|x86.ActiveCfg = Debug|Win32
		{55977C32-18A6-4CA8-A4E0-E5CCC703B02E}.Debug|x86.Build.0 = Debug|Win32
		{55977C32-18A6-4CA8-A4E0-E5CCC703B02E}.Release|x64.ActiveCfg = Release|x64
		{55977C32-18A6-4CA8-A4E0-E5CCC703B02E}.Release|x64.Build.0 = Release|x64
		{55977C32-18A6-4CA8-A4E0-E5CCC703B02E}.Release|x86.ActiveCfg = Release|Win32
		{55977C32-18A6-4CA8-A4E0-E5CCC703B02E}.Release|x86.Build.0 = Release|Win32
	EndGlobalSection
	GlobalSection(SolutionProperties) = preSolution
		HideSolutionNode = FALSE
	EndGlobalSection
	GlobalSection(ExtensibilityGlobals) = postSolution
		SolutionGuid = {D6EC409D-1B48-44B7-AB1A-1909CD05B465}
	EndGlobalSection
EndGlobal
